
Microsoft Visual Studio Solution File, Format Version 12.00
# Visual Studio Version 17
VisualStudioVersion = 17.14.36301.6 d17.14
MinimumVisualStudioVersion = 10.0.40219.1
Project("{FAE04EC0-301F-11D3-BF4B-00C04F79EFBC}") = "BankTeller", "BankTeller\BankTeller.csproj", "{2880FEC6-46DB-48C1-9BEE-11A3B4F142A7}"
EndProject
Global
	GlobalSection(SolutionConfigurationPlatforms) = preSolution
		Debug|Any CPU = Debug|Any CPU
		Release|Any CPU = Release|Any CPU
	EndGlobalSection
	GlobalSection(ProjectConfigurationPlatforms) = postSolution
		{2880FEC6-46DB-48C1-9BEE-11A3B4F142A7}.Debug|Any CPU.ActiveCfg = Debug|Any CPU
		{2880FEC6-46DB-48C1-9BEE-11A3B4F142A7}.Debug|Any CPU.Build.0 = Debug|Any CPU
		{2880FEC6-46DB-48C1-9BEE-11A3B4F142A7}.Release|Any CPU.ActiveCfg = Release|Any CPU
		{2880FEC6-46DB-48C1-9BEE-11A3B4F142A7}.Release|Any CPU.Build.0 = Release|Any CPU
	EndGlobalSection
	GlobalSection(SolutionProperties) = preSolution
		HideSolutionNode = FALSE
	EndGlobalSection
	GlobalSection(ExtensibilityGlobals) = postSolution
		SolutionGuid = {AA12B14B-2E8E-4A01-BCDE-1885C7FDFA15}
	EndGlobalSection
EndGlobal
